{
    "_meta": {
        "hash": {
            "sha256": "74f4b4db7b44e0b8e27f06a3d002b4ffb64b15f557fa43010865446c5441a699"
        },
        "pipfile-spec": 6,
        "requires": {
            "python_version": "3.6"
        },
        "sources": [
            {
                "name": "pypi",
                "url": "https://pypi.python.org/simple",
                "verify_ssl": true
            }
        ]
    },
    "default": {
        "90ed60a": {
            "editable": true,
            "path": "./seedsource-core"
        },
        "affine": {
            "hashes": [
                "sha256:306e56e8e2cbe80e90400fe0469cfc09c583a9efc7796c3fa87bcb572ddb7548",
                "sha256:b641471fa39f4f9b3d7e3a48b9ad9b525480ffaa9902ae622af5671ad20aea51"
            ],
            "version": "==2.2.1"
        },
        "aiohttp": {
            "hashes": [
                "sha256:014e749e5acef211462c7932e29c34c6f5d03640d4a59404ac3cd6c18e7c8e8d",
                "sha256:03f490c5e823f0843433e259bad8e15849df7d9cf6598a0d8659aa95d9bd3db4",
                "sha256:0fdd42cd0f39e2eda28745c329bdc4a7b2e3d17be67cba4097da8d7dd128f7ed",
                "sha256:138f5e5036773001241f3ed206fe4fe326e91d6422ff1e727d2ad7b2f7b46b91",
                "sha256:1514c83e7c7f482ce3876b13ccce2c8a7d2400ff992bebd6c6c049660ababb43",
                "sha256:3ca150aed4e6ad9b35ac51b01b89d0ad2f4d3704226dad809f0d87e7b9cf76a5",
                "sha256:3d42e8a343879ac9993b0e51a64a4e02fc6d3fb1c298aa9a8515f81c98658ae5",
                "sha256:3d8573dd18032b2e99654e431ad2e863d1ea3cc9caa674958571f48820bd800c",
                "sha256:483261bb4c8c04b6d7054178e61852ee23dac65dd9109ded50b8c01642cb28e7",
                "sha256:4b88f03a87b4bdce7a5d8dceddf0e4b49909adb9e02c7cf5a124ff28fb0cf722",
                "sha256:4e6739c7b1c9ad41bed93c76ccdbf4f0c2e01efc1d5c01584f5716803a1072f5",
                "sha256:543eba8b65873f77fc22b91c6356e684bf0ed52a4407181d54ed97405d720589",
                "sha256:61c3426e7818a56d0594b45091c910e318ba6ba96602ce69cd1cbdf8a779f1ae",
                "sha256:8619901d26f4aa317e7711aa794f50a41c79f3f564f87487738f9a3092573bf0",
                "sha256:870b73824ea62fea14e135ca68f5d291eafe800bce552cf770f0152a5b37bd98",
                "sha256:aa611b9ba83b6434b3bad0da69f493d4db08dda5d260a3458459c3a1b4b6e8c2",
                "sha256:bf33b25a8eafc71dcc04a255c0fd14fcf90dac28d939edefc8047579de8917ef",
                "sha256:d4a44deaa7196fec6f9ed3ab0e46fd0e4bb94690be972fd4252c307fa7411a35",
                "sha256:e076731b712298d2e1050465f549737dde924ea7cd1b7a86ccc2fe4726436c92",
                "sha256:e9610a30b14fdc3379dff42c61098e0234c44261e98a1467c0cc1d9c7c802242",
                "sha256:f16f517e18753bf3167deca7ac5fbedb5484a72cb4b4f071ea2f79029c0da867",
                "sha256:f8204969ce2de0786247d525223effaa5fe2cb6bdd5baa965809e119d7cbb6c8"
            ],
            "version": "==3.4.1"
        },
        "amqp": {
            "hashes": [
                "sha256:073dd02fdd73041bffc913b767866015147b61f2a9bc104daef172fc1a0066eb",
                "sha256:eed41946890cd43e8dee44a316b85cf6fee5a1a34bb4a562b660a358eb529e1b"
            ],
            "version": "==2.3.2"
        },
        "async-timeout": {
            "hashes": [
                "sha256:474d4bc64cee20603e225eb1ece15e248962958b45a3648a9f5cc29e827a610c",
                "sha256:b3c0ddc416736619bd4a95ca31de8da6920c3b9a140c64dbef2b2fa7bf521287"
            ],
            "version": "==3.0.0"
        },
        "atomicwrites": {
            "hashes": [
                "sha256:6b5282987b21cd79151f51caccead7a09d0a32e89c568bd9e3c4aaa7bbdf3f3a",
                "sha256:e16334d50fe0f90919ef7339c24b9b62e6abaa78cd2d226f3d94eb067eb89043"
            ],
            "version": "==1.2.0"
        },
        "attrs": {
            "hashes": [
                "sha256:4b90b09eeeb9b88c35bc642cbac057e45a5fd85367b985bd2809c62b7b939265",
                "sha256:e0d0eb91441a3b53dab4d9b743eafc1ac44476296a2053b6ca3af0b139faf87b"
            ],
            "version": "==18.1.0"
        },
        "billiard": {
            "hashes": [
                "sha256:ed65448da5877b5558f19d2f7f11f8355ea76b3e63e1c0a6059f47cfae5f1c84"
            ],
            "version": "==3.5.0.4"
        },
        "cairocffi": {
            "hashes": [
                "sha256:15386c3a9e08823d6826c4491eaccc7b7254b1dc587a3b9ce60c350c3f990337"
            ],
            "version": "==0.9.0"
        },
        "cairosvg": {
            "hashes": [
                "sha256:0a29e694d7de5973433222dec08ee785a8d753459ddb9a1d8e0e1456927e8e4c",
                "sha256:0b334f4ec436d78ecbc934c652f961a73a27d770f1133082cac265afab3dd64a",
                "sha256:e512f555f576b6462b04b585c4ba4c09a43f3a8fec907b60ead21d7d00c550e9"
            ],
            "markers": "python_version >= '3.0'",
            "version": "==2.1.3"
        },
        "celery": {
            "hashes": [
                "sha256:77dab4677e24dc654d42dfbdfed65fa760455b6bb563a0877ecc35f4cfcfc678",
                "sha256:ad7a7411772b80a4d6c64f2f7f723200e39fb66cf614a7fdfab76d345acc7b13"
            ],
            "version": "==4.2.1"
        },
        "certifi": {
            "hashes": [
                "sha256:376690d6f16d32f9d1fe8932551d80b23e9d393a8578c5633a2ed39a64861638",
                "sha256:456048c7e371c089d0a77a5212fb37a2c2dce1e24146e3b7e0261736aaeaa22a"
            ],
            "version": "==2018.8.24"
        },
        "cffi": {
            "hashes": [
                "sha256:151b7eefd035c56b2b2e1eb9963c90c6302dc15fbd8c1c0a83a163ff2c7d7743",
                "sha256:1553d1e99f035ace1c0544050622b7bc963374a00c467edafac50ad7bd276aef",
                "sha256:1b0493c091a1898f1136e3f4f991a784437fac3673780ff9de3bcf46c80b6b50",
                "sha256:2ba8a45822b7aee805ab49abfe7eec16b90587f7f26df20c71dd89e45a97076f",
                "sha256:3bb6bd7266598f318063e584378b8e27c67de998a43362e8fce664c54ee52d30",
                "sha256:3c85641778460581c42924384f5e68076d724ceac0f267d66c757f7535069c93",
                "sha256:3eb6434197633b7748cea30bf0ba9f66727cdce45117a712b29a443943733257",
                "sha256:495c5c2d43bf6cebe0178eb3e88f9c4aa48d8934aa6e3cddb865c058da76756b",
                "sha256:4c91af6e967c2015729d3e69c2e51d92f9898c330d6a851bf8f121236f3defd3",
                "sha256:57b2533356cb2d8fac1555815929f7f5f14d68ac77b085d2326b571310f34f6e",
                "sha256:770f3782b31f50b68627e22f91cb182c48c47c02eb405fd689472aa7b7aa16dc",
                "sha256:79f9b6f7c46ae1f8ded75f68cf8ad50e5729ed4d590c74840471fc2823457d04",
                "sha256:7a33145e04d44ce95bcd71e522b478d282ad0eafaf34fe1ec5bbd73e662f22b6",
                "sha256:857959354ae3a6fa3da6651b966d13b0a8bed6bbc87a0de7b38a549db1d2a359",
                "sha256:87f37fe5130574ff76c17cab61e7d2538a16f843bb7bca8ebbc4b12de3078596",
                "sha256:95d5251e4b5ca00061f9d9f3d6fe537247e145a8524ae9fd30a2f8fbce993b5b",
                "sha256:9d1d3e63a4afdc29bd76ce6aa9d58c771cd1599fbba8cf5057e7860b203710dd",
                "sha256:a36c5c154f9d42ec176e6e620cb0dd275744aa1d804786a71ac37dc3661a5e95",
                "sha256:a6a5cb8809091ec9ac03edde9304b3ad82ad4466333432b16d78ef40e0cce0d5",
                "sha256:ae5e35a2c189d397b91034642cb0eab0e346f776ec2eb44a49a459e6615d6e2e",
                "sha256:b0f7d4a3df8f06cf49f9f121bead236e328074de6449866515cea4907bbc63d6",
                "sha256:b75110fb114fa366b29a027d0c9be3709579602ae111ff61674d28c93606acca",
                "sha256:ba5e697569f84b13640c9e193170e89c13c6244c24400fc57e88724ef610cd31",
                "sha256:be2a9b390f77fd7676d80bc3cdc4f8edb940d8c198ed2d8c0be1319018c778e1",
                "sha256:ca1bd81f40adc59011f58159e4aa6445fc585a32bb8ac9badf7a2c1aa23822f2",
                "sha256:d5d8555d9bfc3f02385c1c37e9f998e2011f0db4f90e250e5bc0c0a85a813085",
                "sha256:e55e22ac0a30023426564b1059b035973ec82186ddddbac867078435801c7801",
                "sha256:e90f17980e6ab0f3c2f3730e56d1fe9bcba1891eeea58966e89d352492cc74f4",
                "sha256:ecbb7b01409e9b782df5ded849c178a0aa7c906cf8c5a67368047daab282b184",
                "sha256:ed01918d545a38998bfa5902c7c00e0fee90e957ce036a4000a88e3fe2264917",
                "sha256:edabd457cd23a02965166026fd9bfd196f4324fe6032e866d0f3bd0301cd486f",
                "sha256:fdf1c1dc5bafc32bc5d08b054f94d659422b05aba244d6be4ddc1c72d9aa70fb"
            ],
            "version": "==1.11.5"
        },
        "cftime": {
            "hashes": [
                "sha256:1fb16d66d72913a0889b1c69d233a694d9ad3bb7648b3e61125bbb85c56363f7",
                "sha256:20556931f546838d09be5d589482dfae6164e0d403f0aab2163c006b680d3b92",
                "sha256:2177504d78ca9d4ed75b520d374d0768c44b72698258a42a8ecde5c24e0b1b0f",
                "sha256:33476c04b9e03b39c0751308f85f8061d62cbc4e089916f5d0e3130dcea0bbb9",
                "sha256:57077a99ef64faead85b5fad6a0efd3a929cbab935be57c6e74aee1446ec2e4b",
                "sha256:7a14e2d38e74f4b270b789fb70a2090339752147f8d6369b319b56a9922e898c",
                "sha256:8c86a67d029cf58164aede5575ca14ccd335df03b0f4e95cf028132a563afca2",
                "sha256:a1bed2dd05f2169c552b44c1fa8c5640d83eb9d33625db2f4f694e579fae584f",
                "sha256:be4489daa0e5a0cdc1bccf744b8b7cac2888b5050a5093ec7d2097c34817177e",
                "sha256:cf0834cbae0b658148cea2a2412459a89ff5631749bf35cfdc7035f05a296fc0",
                "sha256:dcd0f9a4bf616b81aa7d7cadf1dae3e9b32941e31b65f59be759208732cc9c05"
            ],
            "version": "==1.0.1"
        },
        "chardet": {
            "hashes": [
                "sha256:84ab92ed1c4d4f16916e05906b6b75a6c0fb5db821cc65e70cbd64a3e2a5eaae",
                "sha256:fc323ffcaeaed0e0a02bf4d117757b98aed530d9ed4531e3e15460124c106691"
            ],
            "version": "==3.0.4"
        },
        "click": {
            "hashes": [
                "sha256:29f99fc6125fbc931b758dc053b3114e55c77a6e4c6c3a2674a2dc986016381d",
                "sha256:f15516df478d5a56180fbf80e68f206010e6d160fc39fa508b65e035fd75130b"
            ],
            "version": "==6.7"
        },
        "click-plugins": {
            "hashes": [
                "sha256:7acc5e7eedd2dfd719714e8d53ae99030b5357aed661d0b06dacd6c2d583d7c5"
            ],
            "version": "==1.0.3"
        },
        "cligj": {
            "hashes": [
                "sha256:12ad07994f5c1173b06087ffbaacec52f9ebe4687926e5aacfc22b6b0c8b3f54",
                "sha256:2efdeb0ae64f2c2198ce7540ae0a5d67187d5fe9d79529ad8f4dbb8909210009",
                "sha256:7588487f1afcefbe65ae477cdbd4fca1828a3000fc3332e165dacb1dcb005f8a"
            ],
            "version": "==0.4.0"
        },
        "cssselect2": {
            "hashes": [
                "sha256:267eebc7378ade2e8be710cd0179606ad9c95ecc673138fccfcfba42c5ce153d",
                "sha256:505d2ce3d3a1d390ddb52f7d0864b7efeb115a5b852a91861b498b92424503ab"
            ],
            "version": "==0.2.1"
        },
        "defusedxml": {
            "hashes": [
                "sha256:24d7f2f94f7f3cb6061acb215685e5125fbcdc40a857eff9de22518820b0a4f4",
                "sha256:702a91ade2968a82beb0db1e0766a6a273f33d4616a6ce8cde475d8e09853b20"
            ],
            "version": "==0.5.0"
        },
        "django": {
            "hashes": [
                "sha256:8176ac7985fe6737ce3d6b2531b4a2453cb7c3377c9db00bacb2b3320f4a1311",
                "sha256:b18235d82426f09733d2de9910cee975cf52ff05e5f836681eb957d105a05a40"
            ],
            "version": "==1.11.15"
        },
        "django-celery-results": {
            "hashes": [
                "sha256:8bca2605eeff4418be7ce428a6958d64bee0f5bdf1f8e563fbc09a9e2f3d990f",
                "sha256:dfa240fb535a1a2d01c9e605ad71629909318eae6b893c5009eafd7265fde10b"
            ],
            "index": "pypi",
            "version": "==1.0.1"
        },
        "django-filter": {
            "hashes": [
                "sha256:6f4e4bc1a11151178520567b50320e5c32f8edb552139d93ea3e30613b886f56",
                "sha256:86c3925020c27d072cdae7b828aaa5d165c2032a629abbe3c3a1be1edae61c58"
            ],
            "version": "==2.0.0"
        },
        "django-tastypie": {
            "hashes": [
                "sha256:1fbf61ec7467eec70bd1abcb14e3b1dc67e47cc3642ad16ed8a3709f4140678b"
            ],
            "version": "==0.14.1"
        },
        "django-webpack-loader": {
            "hashes": [
                "sha256:60bab6b9a037a5346fad12d2a70a6bc046afb33154cf75ed640b93d3ebd5f520",
                "sha256:970b968c2a8975fb7eff56a3bab5d0d90d396740852d1e0c50c5cfe2b824199a"
            ],
            "index": "pypi",
            "version": "==0.6.0"
        },
        "djangorestframework": {
            "hashes": [
                "sha256:b6714c3e4b0f8d524f193c91ecf5f5450092c2145439ac2769711f7eba89a9d9",
                "sha256:c375e4f95a3a64fccac412e36fb42ba36881e52313ec021ef410b40f67cddca4"
            ],
            "version": "==3.8.2"
        },
        "djangorestframework-filters": {
            "hashes": [
                "sha256:1f51945b46f476b8184518e2881febcf3772b606b73ce022a4b7e7ff3763895d",
                "sha256:6d72c304d543b0e5597defe89ba581517455e86ac84efd17526eda27118236e8"
            ],
            "index": "pypi",
            "version": "==0.10.2"
        },
        "fiona": {
            "hashes": [
                "sha256:0bd684284a8f344b5bcd3159946d0c6cd6a5988454163cf7f9a0df24f8af021a",
                "sha256:123c87abcae8bd1f1cc6506f78f91d6f0e5c0d192da2c2082cf5149634beecbf",
                "sha256:40257d9c4d55ab7d4144a5090036e515c3f58b93d2dbbddb62519bb71c3904c7",
                "sha256:57c20d6b158d038f0173cb666733643f5f5a9ef2a1e19256afa7b4fe3678ef77",
                "sha256:5c3fd2ca963a869fa9dc13b3c268b92a065fca6cddc31fd78a8a9b62cdfda0b0",
                "sha256:889277f3d2cb955d4c897e7ccfa7096bb3e8acea1c843272504045a6cbe34f80",
                "sha256:99b60c221aa34ae381ec87579743ed90337d3804717effc5f5d3fd6c96e7c0dc",
                "sha256:ab0f2943540bc3bc313c1cbc792657be6e59625631a575f5d864b5dcb5b9bd8e",
                "sha256:bf22846b38192f301bd62b025530dc8dac5f0380451c2e3476d710f09393d52f",
                "sha256:c1b78dc4003cd68c9ceffa3a30f27bf55be451ccabbccd7a8dd979536a51d417",
                "sha256:d54479be79464f8d752d637f3ba61f0e54af6c344ca7fd77bc9ec8a7dc903e73",
                "sha256:f5fbb23979c77f05dcdc687bc1812e33ef8d08805264363e82d40ff9e76756f6"
            ],
            "version": "==1.8a2"
        },
        "gdal": {
            "hashes": [
                "sha256:7cc793b62f375612415ab7c10d10d45f727d42c39bf6ea51eb4b82f0c996e1e6"
            ],
            "version": "==2.2.4"
        },
        "geographiclib": {
            "hashes": [
                "sha256:635da648fce80a57b81b28875d103dacf7deb12a3f5f7387ba7d39c51e096533"
            ],
            "version": "==1.49"
        },
        "geopy": {
            "hashes": [
                "sha256:76654405eb69b01a2b8d113ab2ae101513cbeeb1272b0a472a7050631dadefa0",
                "sha256:a70ff7d0fed8574384a033b46a0cd07ed7bf824901031da6e315f63e6d70394e"
            ],
            "version": "==1.16.0"
        },
        "html5lib": {
            "hashes": [
                "sha256:20b159aa3badc9d5ee8f5c647e5efd02ed2a66ab8d354930bd9ff139fc1dc0a3",
                "sha256:66cb0dcfdbbc4f9c3ba1a63fdb511ffdbd4f513b2b6d81b80cd26ce6b3fb3736"
            ],
            "version": "==1.0.1"
        },
        "idna": {
            "hashes": [
                "sha256:156a6814fb5ac1fc6850fb002e0852d56c0c8d2531923a51032d1b70760e186e",
                "sha256:684a38a6f903c1d71d6d5fac066b58d7768af4de2b832e426ec79c30daa94a16"
            ],
            "version": "==2.7"
        },
        "idna-ssl": {
            "hashes": [
                "sha256:a933e3bb13da54383f9e8f35dc4f9cb9eb9b3b78c6b36f311254d6d0d92c6c7c"
            ],
            "markers": "python_version < '3.7'",
            "version": "==1.1.0"
        },
        "jinja2": {
            "hashes": [
                "sha256:74c935a1b8bb9a3947c50a54766a969d4846290e1e788ea44c1392163723c3bd",
                "sha256:f84be1bb0040caca4cea721fcbbbbd61f9be9464ca236387158b0feea01914a4"
            ],
            "version": "==2.10"
        },
        "kombu": {
            "hashes": [
                "sha256:86adec6c60f63124e2082ea8481bbe4ebe04fde8ebed32c177c7f0cd2c1c9082",
                "sha256:b274db3a4eacc4789aeb24e1de3e460586db7c4fc8610f7adcc7a3a1709a60af"
            ],
            "version": "==4.2.1"
        },
        "lxml": {
            "hashes": [
                "sha256:0cf1eca0652c4409e0655e04b840d6d85b7eb18718f5fba3862acad5500e3480",
                "sha256:10624ef1b468252309f269b13af4f837e3a82be366b5f3e49b0e83f1ad66205f",
                "sha256:1259e374da3a575615fe402e0966c5894bae3d2e229c2239ba4ebf2bb020c4b6",
                "sha256:26bb748af1ead0097eb8272b8a06f15a0015b8f312eef772a95f223a16e7de56",
                "sha256:27d0b13bcfcf2f6a5664e64fc3d684c76db1cdba5a5761795d154063559e0b59",
                "sha256:2b013fdabcbc21bc2770437099b921ec290235752b5baaac7a601f75094a378d",
                "sha256:2e469ea2c0b722b9b393187649e7d126c537a68512fc92a676fe86e57050c2a9",
                "sha256:37f7c2cdf513a0ea239c1609681880fb2f0073de0d2996e0ae9a7f0ef15d8b95",
                "sha256:68c6afc7a4411db2df28307e2493c945cb3d887e8f431b81811c1ea6ba087b8b",
                "sha256:73fe3452fc02c0b418914f842f897bdad0f1184368d8d9c315294ff7b94946f2",
                "sha256:7584d83d7315f641510e5f97f4d636ea225fd76e3f8aee965b2e8c93a8169b4d",
                "sha256:76e3ec6b26b1198dd5e6e20539d8360dcd3b224cd80cadba9307b790fda79161",
                "sha256:8288a889cbaa446e5fa168837456e63098b91953c89e5857968a5091b337cdca",
                "sha256:ad9e1fee284dec97b74cd88e925eca1575145598c974243cfb5e859f406adc32",
                "sha256:b360c3769cf0fd7d82577e40e37d4caf693f67744d0d61d11d66b5c31eaccf7a",
                "sha256:c4aaf320284a2713428163bae0e7df0db3b489237ab4830179210a12d56d3068",
                "sha256:c530274e43b0f376cd94e8e0a3e6ea28de1739ec4326689bdbf626e172d2e614",
                "sha256:ca4e79294fd0f3f9e0e5a4c309df84b5f2abc62349bfaf2aaf8965e5108ef8e2",
                "sha256:ce2dc5a104e885abbd48d0cc92ae74afa1d685ee65d6e3497067207d6a26e177",
                "sha256:d295cac30d3e13e82473081ea7df2a11352b5625cb54187fcd5a8be5d9ebf315",
                "sha256:d498338b39c4757ba88bdc705b3a0647d18554856cd2d394ac3bb919ac890c9d",
                "sha256:d537f8e613074805e17039e345edaa822534f66f07d315c89cff9824aa996d65",
                "sha256:df8ba3f52ef59a553b0e94593ea526c34faa4f531c1ab7f5ca7f392bc770c9e3",
                "sha256:e2553800d2d461a2dc329682d0a9068f238ec11d763e5454c61c4df7a0346ed2",
                "sha256:e2afbe403090f5893e254958d02875e0732975e73c4c0cdd33c1f009a61963ca",
                "sha256:e740efa625883f3c4de20c7e1411228d7ce2ab47b9e874a703f6681ec0558a30",
                "sha256:ec7864b62da0f5ae44973351247f2250a25b9b544fc6aff8bd6a75da1156cc70",
                "sha256:f26ddab491b10279b7e8e3fdcbaaaba3ab282fbaecfa48a19874dfc4d53b9d4f",
                "sha256:f6a16681f30918521066ddcc4ba79c1e033c9837dd94f78f5a9f6110e7572185",
                "sha256:f968623ac9b81a6253d4bbbe3f4d1e6be5f33707f397b566935783511bfa281a"
            ],
            "version": "==4.2.4"
        },
        "markupsafe": {
            "hashes": [
                "sha256:a6be69091dac236ea9c6bc7d012beab42010fa914c459791d627dad4910eb665"
            ],
            "version": "==1.0"
        },
        "mercantile": {
            "hashes": [
                "sha256:0278b393a05d17c3618c5f5da64488bb3707e14046fe36f594d7215db3b376c4",
                "sha256:db13b7d674a38ea69673898e96f6c6b33e3fd41ccbbfe8ba54860d427fa7d492",
                "sha256:e56a48313ab8b5ba26d4e601963df02ad989efba58589fce6f90ca9ffac04829"
            ],
            "version": "==1.0.4"
        },
        "more-itertools": {
            "hashes": [
                "sha256:c187a73da93e7a8acc0001572aebc7e3c69daf7bf6881a2cea10650bd4420092",
                "sha256:c476b5d3a34e12d40130bc2f935028b5f636df8f372dc2c1c01dc19681b2039e",
                "sha256:fcbfeaea0be121980e15bc97b3817b5202ca73d0eae185b4550cbfce2a3ebb3d"
            ],
            "version": "==4.3.0"
        },
        "multidict": {
            "hashes": [
                "sha256:0540b84a4cba63a9a97e8493db9a2315913c3f57af93004eced3b20b32381f52",
                "sha256:133421952538d9de2bafb2052fc37cf5b12731b2680371a9984e2fe493c17513",
                "sha256:1f0852fbffbd47748bbfa64db214d8f324eaacc1b5378b9128751865fb7371e2",
                "sha256:222b05b5b63b0d9787afe65186ed7e2564570266b8811178322476029e45ad52",
                "sha256:23478cf8f58cfbfc74ef0384fc6fea041f994f3c904762c423f936f8788039b3",
                "sha256:26d5a57320b6a0879ee3650de70b496e19d4487bd94b63503201d28e17087049",
                "sha256:33065709d5ecd149bb4793becae02e778f2c8187748fff03d9bf8d0ca8121784",
                "sha256:45cc3825b9f843c22120e91559fd1f3fa57c30212f2d456fb670bcdbadc7ecc5",
                "sha256:493ce980065c377e7c3a812a3f99f0d9bee52905b4bbcc7e8976f41c44f76bdd",
                "sha256:51b8dd17589ceeba29726d3a99b675078739cd28ef076296056a5aae5fa6246c",
                "sha256:55b7d382e66950070fc1f91635301be101e92e1bc837c21b77a1378302aec189",
                "sha256:6de1b59c6746bd6ce55627186e81429c02b545619fc9aedd8902859ed7404028",
                "sha256:71d1fc252e6bdf313bad55e11b924211850f1bf6ba0dd7fd346b487fa7bb3091",
                "sha256:7d41ca262f604e546a3f6664f32beb67a8e26681b8b96c357c1bd799dc8112c7",
                "sha256:808970abbed82f1600c442deb502886b505ee2f952e1dc963185f9d986a464ee",
                "sha256:8ce0d0f54a060aee479b2f4a00751b8eb8e7499954bf0a2ad977e039630cac0a",
                "sha256:93b6720c4156850fc9260249513e9c51def79fa7398d7301b363d8497fed9342",
                "sha256:a332c901a3465f4b403772b204c0f5bc746f99647e2fd612836eb35ebab24344",
                "sha256:ab6649751e2cb887b059af21bdefd73908c57b40b105e44eaa1f3836bb510da7",
                "sha256:ae8fdd9588479d97f1d8a7baaca0956e6e396fc9639297e1cb3d5f499489b035",
                "sha256:b26dfe729d4ccb07a75df2b16384907c2f7339dae0bd2ce26f71dee717efe427",
                "sha256:c6729e7bc74b38d789dda747f53a6153fbcde0c534c2c18b4d6b931caa990800",
                "sha256:c89dc4739f527e8c38467fd460f4f857185c0d0891ac5a3ea185ac4b2ceb1e2f",
                "sha256:c934d1eb0ae3d478554c04ba74d03077bc39ea6e4d2fa4e0c4b7972ca42b2e43",
                "sha256:d1fd384992ef84d28c79798a9b50c64aeb2d1a5320bfb8f8afd5cedf7072e100",
                "sha256:d4caccfd8817fd766fee7745abda42a55ec561247e73cee1d018db20cd0a7871",
                "sha256:d8b0f7ea599bb290538cbef22c2ad7a153be40fbeffcfc149a491f458d01c128",
                "sha256:db4ebc8910af2c340735c57a856c3be4ed8d0f3dda07341e11c23008dbe3290b",
                "sha256:fd163dc3b0cbece0d6615d701e3b369311e15a4761866d4672c132c0570acee3"
            ],
            "version": "==4.4.0a39"
        },
        "munch": {
            "hashes": [
                "sha256:6ae3d26b837feacf732fb8aa5b842130da1daf221f5af9f9d4b2a0a6414b0d51"
            ],
            "version": "==2.3.2"
        },
        "ncdjango": {
            "hashes": [
                "sha256:0e19f1306c86131eca2a442c74a0e0cb1d953c9bbb49a65c3f483c71781f85a5",
                "sha256:aad3d2bf75caecafcddf877b616183a2ce341677153c3dc3f26483c56090b7a9"
            ],
            "version": "==0.5.1"
        },
        "netcdf4": {
            "hashes": [
                "sha256:056210e83688b104b71281ab9fe45e5fd945d65580cc8030865921e78016cf6f",
                "sha256:11829a2572b985f9e202d5b550b52334a2ecf66dbfa7af69e6112c9ebf8b03d2",
                "sha256:1876219e90ce68cef76b7fcaa2dfbe847ece251296fabd55f5d6a7d9be6383d7",
                "sha256:18fbcb26c3005cbae4de160bc22eacd757b3de248278d8e30f03ab27d2d4ded0",
                "sha256:45ee95cba5f5891a11bc0f9c69947c1e9a764e88a1aa7e0b38fae8974f983b98",
                "sha256:579a814b373336563f3a38b772ba459ff81222efad9376bc9fe090b882fc8dfc",
                "sha256:5ad5a92faa2ce3bf80d8451cca5272948561dbd25a6eea232670a0ccead9f05c",
                "sha256:61e84511575618857b1069db385817974c725fa9fed084218c670d6cd29e5c55",
                "sha256:70d9424d8b3ce097e190a8e5fc4dd8b2642a88a38bb99e39c4ddae873dcd1cb6",
                "sha256:86e114c8a58b72ce89c29575912d60c5efbbc582f33eb32cf68bfade31d07a27",
                "sha256:917f0e18bc9e53413cefccd86b71f0a5a627769f28f2803feeffaaffd42517be",
                "sha256:a269c2a375ef1361be462d6c04c3a55bc8e6e717ff1d2eed20b2e188459fbb81",
                "sha256:ac1ae16300eb5c90db9d468a6c976a856bfacafe1ee4a9be7ad6310b10e88a0f",
                "sha256:aebc09dd071de3976d35b9acd4d3f2ca74e2656a07464f7bc7a9e4082b5ee9b0",
                "sha256:b1ea54ccf3c1dc46a3a7463708d4f1470e94892c5c9754d9c35a103b75d82c70",
                "sha256:ba231ce919cef00b251f89b7406cc3117c60fc32519665bbf7912921bf425f8f",
                "sha256:c0dab6916693b5eaae89740eaab1a50ba337c6c280d923e1552d638600e1d7e0",
                "sha256:c7d5a748c570a9342e9b1280ef021c2219739fd2fe5a8ce02eb970ffee1f5c36",
                "sha256:cab62d95c8deb822ac3ecd8dc78043bb163d95b2568b4e93b3baa438d8324edf",
                "sha256:cac34ec37e115a2762741a288db7be9b3256b6deb4a9bb0cdb7e207c3f6fb0b2",
                "sha256:d4fc65b98e348c39d082ab6b4b7f6d636b1b4e63bec016e5bca189fee5d46403",
                "sha256:def8226a7806e1084abfa43318796b4c806eda4b14a013e2c072468eba8d91e3",
                "sha256:e943f3f4e209ad1f3284406097d7bf47da5176840923e30f0bdcfe85d38c4f7f",
                "sha256:ec07c03f102eef4566131f5b5451eff5ca5761874e3ce81a8b124556d0ebed52",
                "sha256:f1cad3f65a0784c7bb7d0dd1c85af2900602e2d8067652184a742ca70daf56fc"
            ],
            "version": "==1.4.1"
        },
        "numpy": {
            "hashes": [
                "sha256:1c362ad12dd09a43b348bb28dd2295dd9cdf77f41f0f45965e04ba97f525b864",
                "sha256:2156a06bd407918df4ac0122df6497a9c137432118f585e5b17d543e593d1587",
                "sha256:24e4149c38489b51fc774b1e1faa9103e82f73344d7a00ba66f6845ab4769f3f",
                "sha256:340ec1697d9bb3a9c464028af7a54245298502e91178bddb4c37626d36e197b7",
                "sha256:35db8d419345caa4eeaa65cd63f34a15208acd87530a30f0bc25fc84f55c8c80",
                "sha256:361370e9b7f5e44c41eee29f2bb5cb3b755abb4b038bce6d6cbe08db7ff9cb74",
                "sha256:36e8dcd1813ca92ce7e4299120cee6c03adad33d89b54862c1b1a100443ac399",
                "sha256:378378973546ecc1dfaf9e24c160d683dd04df871ecd2dcc86ce658ca20f92c0",
                "sha256:419e6faee16097124ee627ed31572c7e80a1070efa25260b78097cca240e219a",
                "sha256:4287104c24e6a09b9b418761a1e7b1bbde65105f110690ca46a23600a3c606b8",
                "sha256:549f3e9778b148a47f4fb4682955ed88057eb627c9fe5467f33507c536deda9d",
                "sha256:5e359e9c531075220785603e5966eef20ccae9b3b6b8a06fdfb66c084361ce92",
                "sha256:5ee7f3dbbdba0da75dec7e94bd7a2b10fe57a83e1b38e678200a6ad8e7b14fdc",
                "sha256:62d55e96ec7b117d3d5e618c15efcf769e70a6effaee5842857b64fb4883887a",
                "sha256:719b6789acb2bc86ea9b33a701d7c43dc2fc56d95107fd3c5b0a8230164d4dfb",
                "sha256:7a70f2b60d48828cba94a54a8776b61a9c2657a803d47f5785f8062e3a9c7c55",
                "sha256:7b9e37f194f8bcdca8e9e6af92e2cbad79e360542effc2dd6b98d63955d8d8a3",
                "sha256:83b8fc18261b70f45bece2d392537c93dc81eb6c539a16c9ac994c47fc79f09a",
                "sha256:9473ad28375710ab18378e72b59422399b27e957e9339c413bf00793b4b12df0",
                "sha256:95b085b253080e5d09f7826f5e27dce067bae813a132023a77b739614a29de6e",
                "sha256:98b86c62c08c2e5dc98a9c856d4a95329d11b1c6058cb9b5191d5ea6891acd09",
                "sha256:a3bd01d6d3ed3d7c06d7f9979ba5d68281f15383fafd53b81aa44b9191047cf8",
                "sha256:c81a6afc1d2531a9ada50b58f8c36197f8418ef3d0611d4c1d7af93fdcda764f",
                "sha256:ce75ed495a746e3e78cfa22a77096b3bff2eda995616cb7a542047f233091268",
                "sha256:dae8618c0bcbfcf6cf91350f8abcdd84158323711566a8c5892b5c7f832af76f",
                "sha256:df0b02c6705c5d1c25cc35c7b5d6b6f9b3b30833f9d178843397ae55ecc2eebb",
                "sha256:e3660744cda0d94b90141cdd0db9308b958a372cfeee8d7188fdf5ad9108ea82",
                "sha256:f2362d0ca3e16c37782c1054d7972b8ad2729169567e3f0f4e5dd3cdf85f188e"
            ],
            "version": "==1.15.1"
        },
        "oauthlib": {
            "hashes": [
                "sha256:ac35665a61c1685c56336bda97d5eefa246f1202618a1d6f34fccb1bdd404162",
                "sha256:d883b36b21a6ad813953803edfa563b1b579d79ca758fe950d1bc9e8b326025b"
            ],
            "version": "==2.1.0"
        },
        "palettable": {
            "hashes": [
                "sha256:0685b223a236bb7e2a900ef7a855ccf9a4027361c8acf400f3b350ea51870f80",
                "sha256:7306d63c55216f66d5e5509aacda8bb51c5918debfd6bda4aac8d0940e1788a2"
            ],
            "version": "==3.1.1"
        },
        "pdfrw": {
            "hashes": [
                "sha256:0dc0494a0e6561b268542b28ede2280387c2728114f117d3bb5d8e4787b93ef4",
                "sha256:758289edaa3b672e9a1a67504be73c18ec668d4e5b9d5ac9cbc0dc753d8d196b"
            ],
            "version": "==0.4"
        },
        "pillow": {
            "hashes": [
                "sha256:00def5b638994f888d1058e4d17c86dec8e1113c3741a0a8a659039aec59a83a",
                "sha256:026449b64e559226cdb8e6d8c931b5965d8fc90ec18ebbb0baa04c5b36503c72",
                "sha256:03dbb224ee196ef30ed2156d41b579143e1efeb422974719a5392fc035e4f574",
                "sha256:03eb0e04f929c102ae24bc436bf1c0c60a4e63b07ebd388e84d8b219df3e6acd",
                "sha256:087b0551ce2d19b3f092f2b5f071a065f7379e748867d070b29999cc83db15e3",
                "sha256:091a0656688d85fd6e10f49a73fa3ab9b37dbfcb2151f5a3ab17f8b879f467ee",
                "sha256:0f3e2d0a9966161b7dfd06d147f901d72c3a88ea1a833359b92193b8e1f68e1c",
                "sha256:114398d0e073b93e1d7da5b5ab92ff4b83c0180625c8031911425e51f4365d2e",
                "sha256:1be66b9a89e367e7d20d6cae419794997921fe105090fafd86ef39e20a3baab2",
                "sha256:1c5e93c40d4ce8cb133d3b105a869be6fa767e703f6eb1003eb4b90583e08a59",
                "sha256:1e977a3ed998a599bda5021fb2c2889060617627d3ae228297a529a082a3cd5c",
                "sha256:22cf3406d135cfcc13ec6228ade774c8461e125c940e80455f500638429be273",
                "sha256:24adccf1e834f82718c7fc8e3ec1093738da95144b8b1e44c99d5fc7d3e9c554",
                "sha256:2a3e362c97a5e6a259ee9cd66553292a1f8928a5bdfa3622fdb1501570834612",
                "sha256:3518f9fc666cbc58a5c1f48a6a23e9e6ceef69665eab43cdad5144de9383e72c",
                "sha256:3709339f4619e8c9b00f53079e40b964f43c5af61fb89a923fe24437167298bb",
                "sha256:3832e26ecbc9d8a500821e3a1d3765bda99d04ae29ffbb2efba49f5f788dc934",
                "sha256:452d159024faf37cc080537df308e8fa0026076eb38eb75185d96ed9642bd6d7",
                "sha256:4fd1f0c2dc02aaec729d91c92cd85a2df0289d88e9f68d1e8faba750bb9c4786",
                "sha256:4fda62030f2c515b6e2e673c57caa55cb04026a81968f3128aae10fc28e5cc27",
                "sha256:5044d75a68b49ce36a813c82d8201384207112d5d81643937fc758c05302f05b",
                "sha256:522184556921512ec484cb93bd84e0bab915d0ac5a372d49571c241a7f73db62",
                "sha256:5914cff11f3e920626da48e564be6818831713a3087586302444b9c70e8552d9",
                "sha256:653d48fe46378f40e3c2b892be88d8440efbb2c9df78559da44c63ad5ecb4142",
                "sha256:6661a7908d68c4a133e03dac8178287aa20a99f841ea90beeb98a233ae3fd710",
                "sha256:6735a7e560df6f0deb78246a6fe056cf2ae392ba2dc060ea8a6f2535aec924f1",
                "sha256:6d26a475a19cb294225738f5c974b3a24599438a67a30ed2d25638f012668026",
                "sha256:791f07fe13937e65285f9ef30664ddf0e10a0230bdb236751fa0ca67725740dd",
                "sha256:79258a8df3e309a54c7ef2ef4a59bb8e28f7e4a8992a3ad17c24b1889ced44f3",
                "sha256:7d74c20b8f1c3e99d3f781d3b8ff5abfefdd7363d61e23bdeba9992ff32cc4b4",
                "sha256:81918afeafc16ba5d9d0d4e9445905f21aac969a4ebb6f2bff4b9886da100f4b",
                "sha256:8194d913ca1f459377c8a4ed8f9b7ad750068b8e0e3f3f9c6963fcc87a84515f",
                "sha256:84d5d31200b11b3c76fab853b89ac898bf2d05c8b3da07c1fcc23feb06359d6e",
                "sha256:989981db57abffb52026b114c9a1f114c7142860a6d30a352d28f8cbf186500b",
                "sha256:a3d7511d3fad1618a82299aab71a5fceee5c015653a77ffea75ced9ef917e71a",
                "sha256:a4a6ac01b8c2f9d2d83719f193e6dea493e18445ce5bfd743d739174daa974d9",
                "sha256:acb90eb6c7ed6526551a78211d84c81e33082a35642ff5fe57489abc14e6bf6e",
                "sha256:b3ef168d4d6fd4fa6685aef7c91400f59f7ab1c0da734541f7031699741fb23f",
                "sha256:c1c5792b6e74bbf2af0f8e892272c2a6c48efa895903211f11b8342e03129fea",
                "sha256:c5dcb5a56aebb8a8f2585042b2f5c496d7624f0bcfe248f0cc33ceb2fd8d39e7",
                "sha256:d16f90810106822833a19bdb24c7cb766959acf791ca0edf5edfec674d55c8ee",
                "sha256:dcdc9cd9880027688007ff8f7c8e7ae6f24e81fae33bfd18d1e691e7bda4855f",
                "sha256:e2807aad4565d8de15391a9548f97818a14ef32624015c7bf3095171e314445e",
                "sha256:e2bed4a04e2ca1050bb5f00865cf2f83c0b92fd62454d9244f690fcd842e27a4",
                "sha256:e87a527c06319428007e8c30511e1f0ce035cb7f14bb4793b003ed532c3b9333",
                "sha256:ebcfc33a6c34984086451e230253bc33727bd17b4cdc4b39ec03032c3a6fc9e9",
                "sha256:f63e420180cbe22ff6e32558b612e75f50616fc111c5e095a4631946c782e109",
                "sha256:f7717eb360d40e7598c30cc44b33d98f79c468d9279379b66c1e28c568e0bf47",
                "sha256:f8582e1ab155302ea9ef1235441a0214919f4f79c4c7c21833ce9eec58181781",
                "sha256:f8b3d413c5a8f84b12cd4c5df1d8e211777c9852c6be3ee9c094b626644d3eab"
            ],
            "version": "==5.2.0"
        },
        "pluggy": {
            "hashes": [
                "sha256:6e3836e39f4d36ae72840833db137f7b7d35105079aee6ec4a62d9f80d594dd1",
                "sha256:95eb8364a4708392bae89035f45341871286a333f749c3141c20573d2b3876e1"
            ],
            "version": "==0.7.1"
        },
        "ply": {
            "hashes": [
                "sha256:00c7c1aaa88358b9c765b6d3000c6eec0ba42abca5351b095321aef446081da3",
                "sha256:096f9b8350b65ebd2fd1346b12452efe5b9607f7482813ffca50c22722a807ce"
            ],
            "version": "==3.11"
        },
        "psycopg2": {
            "hashes": [
                "sha256:0b9e48a1c1505699a64ac58815ca99104aacace8321e455072cee4f7fe7b2698",
                "sha256:0f4c784e1b5a320efb434c66a50b8dd7e30a7dc047e8f45c0a8d2694bfe72781",
                "sha256:0fdbaa32c9eb09ef09d425dc154628fca6fa69d2f7c1a33f889abb7e0efb3909",
                "sha256:11fbf688d5c953c0a5ba625cc42dea9aeb2321942c7c5ed9341a68f865dc8cb1",
                "sha256:19eaac4eb25ab078bd0f28304a0cb08702d120caadfe76bb1e6846ed1f68635e",
                "sha256:3232ec1a3bf4dba97fbf9b03ce12e4b6c1d01ea3c85773903a67ced725728232",
                "sha256:36f8f9c216fcca048006f6dd60e4d3e6f406afde26cfb99e063f137070139eaf",
                "sha256:59c1a0e4f9abe970062ed35d0720935197800a7ef7a62b3a9e3a70588d9ca40b",
                "sha256:6506c5ff88750948c28d41852c09c5d2a49f51f28c6d90cbf1b6808e18c64e88",
                "sha256:6bc3e68ee16f571681b8c0b6d5c0a77bef3c589012352b3f0cf5520e674e9d01",
                "sha256:6dbbd7aabbc861eec6b910522534894d9dbb507d5819bc982032c3ea2e974f51",
                "sha256:6e737915de826650d1a5f7ff4ac6cf888a26f021a647390ca7bafdba0e85462b",
                "sha256:6ed9b2cfe85abc720e8943c1808eeffd41daa73e18b7c1e1a228b0b91f768ccc",
                "sha256:711ec617ba453fdfc66616db2520db3a6d9a891e3bf62ef9aba4c95bb4e61230",
                "sha256:844dacdf7530c5c612718cf12bc001f59b2d9329d35b495f1ff25045161aa6af",
                "sha256:86b52e146da13c896e50c5a3341a9448151f1092b1a4153e425d1e8b62fec508",
                "sha256:985c06c2a0f227131733ae58d6a541a5bc8b665e7305494782bebdb74202b793",
                "sha256:a86dfe45f4f9c55b1a2312ff20a59b30da8d39c0e8821d00018372a2a177098f",
                "sha256:aa3cd07f7f7e3183b63d48300666f920828a9dbd7d7ec53d450df2c4953687a9",
                "sha256:b1964ed645ef8317806d615d9ff006c0dadc09dfc54b99ae67f9ba7a1ec9d5d2",
                "sha256:b2abbff9e4141484bb89b96eb8eae186d77bc6d5ffbec6b01783ee5c3c467351",
                "sha256:cc33c3a90492e21713260095f02b12bee02b8d1f2c03a221d763ce04fa90e2e9",
                "sha256:d7de3bf0986d777807611c36e809b77a13bf1888f5c8db0ebf24b47a52d10726",
                "sha256:db5e3c52576cc5b93a959a03ccc3b02cb8f0af1fbbdc80645f7a215f0b864f3a",
                "sha256:e168aa795ffbb11379c942cf95bf813c7db9aa55538eb61de8c6815e092416f5",
                "sha256:e9ca911f8e2d3117e5241d5fa9aaa991cb22fb0792627eeada47425d706b5ec8",
                "sha256:eccf962d41ca46e6326b97c8fe0a6687b58dfc1a5f6540ed071ff1474cea749e",
                "sha256:efa19deae6b9e504a74347fe5e25c2cb9343766c489c2ae921b05f37338b18d1",
                "sha256:f4b0460a21f784abe17b496f66e74157a6c36116fa86da8bf6aa028b9e8ad5fe",
                "sha256:f93d508ca64d924d478fb11e272e09524698f0c581d9032e68958cfbdd41faef"
            ],
            "index": "pypi",
            "version": "==2.7.5"
        },
        "py": {
            "hashes": [
                "sha256:06a30435d058473046be836d3fc4f27167fd84c45b99704f2fb5509ef61f9af1",
                "sha256:50402e9d1c9005d759426988a492e0edaadb7f4e68bcddfea586bc7432d009c6"
            ],
            "version": "==1.6.0"
        },
        "pycparser": {
            "hashes": [
                "sha256:99a8ca03e29851d96616ad0404b4aad7d9ee16f25c9f9708a11faf2810f7b226"
            ],
            "version": "==2.18"
        },
        "pyjwt": {
            "hashes": [
                "sha256:30b1380ff43b55441283cc2b2676b755cca45693ae3097325dea01f3d110628c",
                "sha256:4ee413b357d53fd3fb44704577afac88e72e878716116270d722723d65b42176"
            ],
            "version": "==1.6.4"
        },
        "pyparsing": {
            "hashes": [
                "sha256:0832bcf47acd283788593e7a0f542407bd9550a55a8a8435214a1960e04bcb04",
                "sha256:281683241b25fe9b80ec9d66017485f6deff1af5cde372469134b56ca8447a07",
                "sha256:8f1e18d3fd36c6795bb7e02a39fd05c611ffc2596c1e0d995d34d67630426c18",
                "sha256:9e8143a3e15c13713506886badd96ca4b579a87fbdf49e550dbfc057d6cb218e",
                "sha256:b8b3117ed9bdf45e14dcc89345ce638ec7e0e29b2b579fa1ecf32ce45ebac8a5",
                "sha256:e4d45427c6e20a59bf4f88c639dcc03ce30d193112047f94012102f235853a58",
                "sha256:fee43f17a9c4087e7ed1605bd6df994c6173c1e977d7ade7b651292fab2bd010"
            ],
            "version": "==2.2.0"
        },
        "pyphen": {
            "hashes": [
                "sha256:3b633a50873156d777e1f1075ba4d8e96a6ad0a3ca42aa3ea9a6259f93f18921",
                "sha256:e172faf10992c8c9d369bdc83e36dbcf1121f4ed0d881f1a0b521935aee583b5"
            ],
            "version": "==0.9.5"
        },
        "pyproj": {
            "hashes": [
                "sha256:53fa54c8fa8a1dfcd6af4bf09ce1aae5d4d949da63b90570ac5ec849efaf3ea8"
            ],
            "index": "pypi",
            "version": "==1.9.5.1"
        },
        "pytest": {
            "hashes": [
                "sha256:2e7c330338b2732ddb992217962e3454aa7290434e75329b1a6739cea41bea6b",
                "sha256:4abcd98faeea3eb95bd05aa6a7b121d5f89d72e4d36ddb0dcbbfd1ec9f3651d1"
            ],
            "version": "==3.7.3"
        },
        "pytest-django": {
            "hashes": [
                "sha256:2d2e0a618d91c280d463e90bcbea9b4e417609157f611a79685b1c561c4c0836",
                "sha256:59683def396923b78d7e191a7086a48193f8d5db869ace79acb38f906522bc7b"
            ],
            "version": "==3.4.2"
        },
        "python-dateutil": {
            "hashes": [
                "sha256:1adb80e7a782c12e52ef9a8182bebeb73f1d7e24e374397af06fb4956c8dc5c0",
                "sha256:e27001de32f627c22380a688bcc43ce83504a7bc5da472209b4c70f02829f0b8"
            ],
            "version": "==2.7.3"
        },
        "python-mimeparse": {
            "hashes": [
                "sha256:76e4b03d700a641fd7761d3cd4fdbbdcd787eade1ebfac43f877016328334f78",
                "sha256:a295f03ff20341491bfe4717a39cd0a8cc9afad619ba44b77e86b0ab8a2b8282"
            ],
            "version": "==1.6.0"
        },
        "python-pptx": {
            "hashes": [
                "sha256:52a30a02adad451a2a1f049087ec84c18c4ea0b0a7397490e6049acdd7d01a73"
            ],
            "version": "==0.6.12"
        },
        "python3-openid": {
            "hashes": [
                "sha256:0086da6b6ef3161cfe50fb1ee5cceaf2cda1700019fda03c2c5c440ca6abe4fa",
                "sha256:628d365d687e12da12d02c6691170f4451db28d6d68d050007e4a40065868502"
            ],
            "markers": "python_version >= '3.0'",
            "version": "==3.1.0"
        },
        "pytz": {
            "hashes": [
                "sha256:a061aa0a9e06881eb8b3b2b43f05b9439d6583c206d0a6c340ff72a7b6669053",
                "sha256:ffb9ef1de172603304d9d2819af6f5ece76f2e85ec10692a524dd876e72bf277"
            ],
            "version": "==2018.5"
        },
        "rasterio": {
            "hashes": [
                "sha256:0bcdb277758abd07705adca3737258235db9cdd69260b209dc89aa21b669e1e6",
                "sha256:47d460326e04c64590ff56952271a184a6307f814efc34fb319c12e690585f3c",
                "sha256:5a72c695108ab0fa2fc25a77291d6ad1de230049fe2de87d6b47af66de439144",
                "sha256:665a22e22242726d6b73a95367d7bcdb0d5bd557d08e0549e0b578bbb9001b16",
                "sha256:6ee4fc6cfe33bab5da66aadf2465713d618a6eb637e6bb671f5f831ff031c007",
                "sha256:aa8a911f73554dd06050ad961d9635910e76e680e0764d82dbbf39d043f683fa",
                "sha256:b02b4021858370286e20d57c02c344e844083006f983e38771759d9ed9af9afc",
                "sha256:bdd0c8d4d7c5d40df2182c633e77899a45c202645dfa2d0309e8eeb57e0164ca",
                "sha256:c0df13d1a0e4cf4a1fed159af85c3e074e41a2cb9b5b981325890427eeac9c42",
                "sha256:cfaf7f51f1c7d36516ba0ed3a92b1fa4e3cbc148901c489553f2887aa8a900c4"
            ],
            "index": "pypi",
            "version": "==1.0a12"
        },
        "requests": {
            "hashes": [
                "sha256:63b52e3c866428a224f97cab011de738c36aec0185aa91cfacd418b5d58911d1",
                "sha256:ec22d826a36ed72a7358ff3fe56cbd4ba69dd7a6718ffd450ff0e9df7a47ce6a"
            ],
            "version": "==2.19.1"
        },
        "requests-oauthlib": {
            "hashes": [
                "sha256:8886bfec5ad7afb391ed5443b1f697c6f4ae98d0e5620839d8b4499c032ada3f",
                "sha256:e21232e2465808c0e892e0e4dbb8c2faafec16ac6dc067dd546e9b466f3deac8",
                "sha256:fe3282f48fb134ee0035712159f5429215459407f6d5484013343031ff1a400d"
            ],
            "version": "==1.0.0"
        },
        "shapely": {
            "hashes": [
                "sha256:045e991636787c22bf3e18b57cdaa200681acc0e5db0720123643909d99ad32b",
                "sha256:2e8398aacf67cfdfcd64154738c809fea52008afefb4704103f43face369230d",
                "sha256:56b8184ef9cf2e2e1dd09ccfe341028af08ea57254524c9458e7f115655385af",
                "sha256:7268fd767dc88ef083a528a1e8977a358c7a56cb349aae9e4c36913cfba30857",
                "sha256:7e06705e0a20e10f0ce35b233b32b57f6b77044e58e2ad4023d6e64f6c3719a7",
                "sha256:937502b7f7bfea39910e30617a30d74ce1b6585895b3d8a2a4602c223a0dd73c",
                "sha256:99dc867fe6519c1af1840cceea8bcf5dd1ece077207bdcb19072cdb4fbda8584",
                "sha256:9e45485c49fd9ee81a81be756e648a0c1c125e770e3ed42845350d75a46723ad",
                "sha256:e3c3eb85f7d4308ccbfcdd23513bfe201b193673c98400219b9a480b903b3033",
                "sha256:eb4f295b1ff558857d8061ff7716b1e10ec3c24b5b784bccb51dc87e6fd3ad07",
                "sha256:f87c677c0b176827167d1ebad37bba36a9e6baf61f608ff8ef4b9d9ff002c3c3",
                "sha256:ffe14cf22da9c95aa87a287ddb96202e3cbb4ec1ec862050d9e4b114307fa206"
            ],
            "version": "==1.7a1"
        },
        "six": {
            "hashes": [
                "sha256:70e8a77beed4562e7f14fe23a786b54f6296e34344c23bc42f07b15018ff98e9",
                "sha256:832dc0e10feb1aa2c68dcc57dbb658f1c7e65b9b61af69048abc87a2db00a0eb"
            ],
            "version": "==1.11.0"
        },
        "snuggs": {
            "hashes": [
                "sha256:0ae01783adeaa6948352fc474605da78d277da545b2315f6d2febe0f065bab02",
                "sha256:8d56182fc83e1a1893284f69abd35751ce30e8f0a33794c2802e7e5d6547e1f1"
            ],
            "version": "==1.4.2"
        },
        "social-auth-app-django": {
            "hashes": [
                "sha256:25295c94375d28062f65d0b3cd4b7e304c7e2fb7bac1ec51b40650a654c352f4",
                "sha256:4e34d86709bfa51fd2938307e00f12f4e1dfef8a8ed6bfbfe9aeb4e69d57148f",
                "sha256:b7c28bef8fbd11ff357ddd885cb219cdb55565e01109c709dd28569e0bfb0dea"
            ],
            "index": "pypi",
            "version": "==2.1.0"
        },
        "social-auth-core": {
            "hashes": [
                "sha256:273eb5bbeded3cfc178ca7e14f0641165df03133a2f787a6e412f782489d56ba",
                "sha256:7b393754ab75f6e5176568554f4f7b5cd9e4cb6dab23d9614e5c9e1425f3fcf9",
                "sha256:eb0d0e29d0cfa729cd52437314d4aeb83806c4d6e7824cbe988195b6a4b85163"
            ],
            "version": "==1.7.0"
        },
        "tinycss2": {
            "hashes": [
                "sha256:5e881eaa263bf4dc5c050d43cd6d2203ade1e3a3cda61f5511cf878972e83b78",
                "sha256:7c53c2c0e914c7711c295b3101bcc78e0b7eda23ff20228a936efe11cdcc7136"
            ],
            "version": "==0.6.1"
        },
        "trefoil": {
            "hashes": [
                "sha256:12724644caf70557c45d89749b44ee30b4668d02213e0ef4249c0ac07ce1ddaa",
                "sha256:d1e0a37ce86bfcca9b70185d26922bd4920f83617d1b8716a15df01ae78b6dbc"
            ],
            "index": "pypi",
            "version": "==0.3.0"
        },
        "urllib3": {
            "hashes": [
                "sha256:a68ac5e15e76e7e5dd2b8f94007233e01effe3e50e8daddf69acfd81cb686baf",
                "sha256:b5725a0bd4ba422ab0e66e89e030c806576753ea3ee08554382c14e685d117b5"
            ],
            "version": "==1.23"
        },
        "vine": {
            "hashes": [
                "sha256:52116d59bc45392af9fdd3b75ed98ae48a93e822cee21e5fda249105c59a7a72",
                "sha256:6849544be74ec3638e84d90bc1cf2e1e9224cc10d96cd4383ec3f69e9bce077b"
            ],
            "version": "==1.1.4"
        },
        "weasyprint": {
            "hashes": [
                "sha256:4d35e37cf9d2cea199ddfe4b038c80024619e8a05a2f2eb99b80a2bfb6063eb7",
                "sha256:a9d198afb74cf4f29275cca7dc5d42eafd2d6abed3edb76c2d0d0429fead3907"
            ],
            "version": "==0.42.3"
        },
        "webencodings": {
            "hashes": [
                "sha256:a0af1213f3c2226497a97e2b3aa01a7e4bee4f403f95be16fc9acd2947514a78",
                "sha256:b36a1c245f2d304965eb4e0a82848379241dc04b865afcc4aab16748587e1923"
            ],
            "version": "==0.5.1"
        },
        "xlsxwriter": {
            "hashes": [
                "sha256:619f3e2653707b24aa4540c67a04ac68c1267e5d22e12a53e7fd2d4157313870",
                "sha256:98a94b32d4929d3e34595b4654b8e7f951182f540056b9cb734c88899912f729"
            ],
            "version": "==1.0.9"
        },
        "yarl": {
            "hashes": [
                "sha256:2556b779125621b311844a072e0ed367e8409a18fa12cbd68eb1258d187820f9",
                "sha256:4aec0769f1799a9d4496827292c02a7b1f75c0bab56ab2b60dd94ebb57cbd5ee",
                "sha256:55369d95afaacf2fa6b49c84d18b51f1704a6560c432a0f9a1aeb23f7b971308",
                "sha256:6c098b85442c8fe3303e708bbb775afd0f6b29f77612e8892627bcab4b939357",
                "sha256:9182cd6f93412d32e009020a44d6d170d2093646464a88aeec2aef50592f8c78",
                "sha256:c8cbc21bbfa1dd7d5386d48cc814fe3d35b80f60299cdde9279046f399c3b0d8",
                "sha256:db6f70a4b09cde813a4807843abaaa60f3b15fb4a2a06f9ae9c311472662daa1",
                "sha256:f17495e6fe3d377e3faac68121caef6f974fcb9e046bc075bcff40d8e5cc69a4",
                "sha256:f85900b9cca0c67767bb61b2b9bd53208aaa7373dae633dbe25d179b4bf38aa7"
            ],
            "version": "==1.2.6"
        }
    },
    "develop": {}
}
